
Microsoft Visual Studio Solution File, Format Version 12.00
# Visual Studio 15
VisualStudioVersion = 15.0.28010.2016
MinimumVisualStudioVersion = 10.0.40219.1
Project("{FAE04EC0-301F-11D3-BF4B-00C04F79EFBC}") = "LinkBudgets", "LinkBudgets\LinkBudgets.csproj", "{0736AF67-C6F5-434C-8E0C-553AD476E739}"
EndProject
Global
	GlobalSection(SolutionConfigurationPlatforms) = preSolution
		Debug|Any CPU = Debug|Any CPU
		Release|Any CPU = Release|Any CPU
	EndGlobalSection
	GlobalSection(ProjectConfigurationPlatforms) = postSolution
		{0736AF67-C6F5-434C-8E0C-553AD476E739}.Debug|Any CPU.ActiveCfg = Debug|Any CPU
		{0736AF67-C6F5-434C-8E0C-553AD476E739}.Debug|Any CPU.Build.0 = Debug|Any CPU
		{0736AF67-C6F5-434C-8E0C-553AD476E739}.Release|Any CPU.ActiveCfg = Release|Any CPU
		{0736AF67-C6F5-434C-8E0C-553AD476E739}.Release|Any CPU.Build.0 = Release|Any CPU
	EndGlobalSection
	GlobalSection(SolutionProperties) = preSolution
		HideSolutionNode = FALSE
	EndGlobalSection
	GlobalSection(ExtensibilityGlobals) = postSolution
		SolutionGuid = {9BCADD3A-2D02-43FF-A1AA-C3842F13ED79}
	EndGlobalSection
EndGlobal
